
Microsoft Visual Studio Solution File, Format Version 12.00
# Visual Studio Version 16
VisualStudioVersion = 16.0.30517.126
MinimumVisualStudioVersion = 10.0.40219.1
Project("{FAE04EC0-301F-11D3-BF4B-00C04F79EFBC}") = "Bank", "Bank\Bank.csproj", "{D8971298-7E3E-4ACF-AF7B-AC4B5BA0EADE}"
EndProject
Global
	GlobalSection(SolutionConfigurationPlatforms) = preSolution
		Debug|Any CPU = Debug|Any CPU
		Release|Any CPU = Release|Any CPU
	EndGlobalSection
	GlobalSection(ProjectConfigurationPlatforms) = postSolution
		{D8971298-7E3E-4ACF-AF7B-AC4B5BA0EADE}.Debug|Any CPU.ActiveCfg = Debug|Any CPU
		{D8971298-7E3E-4ACF-AF7B-AC4B5BA0EADE}.Debug|Any CPU.Build.0 = Debug|Any CPU
		{D8971298-7E3E-4ACF-AF7B-AC4B5BA0EADE}.Release|Any CPU.ActiveCfg = Release|Any CPU
		{D8971298-7E3E-4ACF-AF7B-AC4B5BA0EADE}.Release|Any CPU.Build.0 = Release|Any CPU
	EndGlobalSection
	GlobalSection(SolutionProperties) = preSolution
		HideSolutionNode = FALSE
	EndGlobalSection
	GlobalSection(ExtensibilityGlobals) = postSolution
		SolutionGuid = {734DD415-0A50-4AA4-AAB0-31B774F4780F}
	EndGlobalSection
EndGlobal
